{
  "name": "microphone",
  "version": "1.0.0",
  "lockfileVersion": 3,
  "requires": true,
  "packages": {
    "": {
      "name": "microphone",
      "version": "1.0.0",
      "license": "ISC",
      "dependencies": {
        "node-microphone": "^0.1.6",
        "speech": "^0.2.1",
        "speech-to-text": "^2.9.1"
      }
    },
    "node_modules/node-microphone": {
      "version": "0.1.6",
      "resolved": "https://registry.npmjs.org/node-microphone/-/node-microphone-0.1.6.tgz",
      "integrity": "sha512-5229wtpVYNU2gR8zpkABVSdp4wT9qagJgj6pELEIkAVbOXFmaCM35qN3z4ylu3OwFfEKqQ4h9u8Lb58DzaBieQ==",
      "engines": {
        "node": ">=4.0"
      }
    },
    "node_modules/speech": {
      "version": "0.2.1",
      "resolved": "https://registry.npmjs.org/speech/-/speech-0.2.1.tgz",
      "integrity": "sha512-iSndZyQYG/PJAktzm+XToiIP152Zcr1Mele1OQrupd3a0feZhS6Zx9/vhb4Lu9stec1qVcgpG4h64m//VscoEg=="
    },
    "node_modules/speech-to-text": {
      "version": "2.9.1",
      "resolved": "https://registry.npmjs.org/speech-to-text/-/speech-to-text-2.9.1.tgz",
      "integrity": "sha512-hU+AEw4Aq8ixVu046vTMihkpXVNCpKzlUruOD+rcenoD8llEVqpOZq7rRo2vY2Tdyn88JuKcHjL1+pG9Rx7kgQ=="
    }
  }
}
